<?xml version="1.0" encoding="UTF-8"?>
<Scheme
   LastUpgradeVersion = "1410"
   version = "1.3">
   <BuildAction
      parallelizeBuildables = "YES"
      buildImplicitDependencies = "YES">
      <BuildActionEntries>
         <BuildActionEntry
            buildForTesting = "YES"
            buildForRunning = "YES"
            buildForProfiling = "YES"
            buildForArchiving = "YES"
            buildForAnalyzing = "YES">
            <BuildableReference
               BuildableIdentifier = "primary"
               BlueprintIdentifier = "C65A6088298408A40013CD5C"
               BuildableName = "PokemonApp.app"
               BlueprintName = "PokemonApp"
               ReferencedContainer = "container:PokemonApp.xcodeproj">
            </BuildableReference>
         </BuildActionEntry>
      </BuildActionEntries>
   </BuildAction>
   <TestAction
      buildConfiguration = "Debug"
      selectedDebuggerIdentifier = "Xcode.DebuggerFoundation.Debugger.LLDB"
      selectedLauncherIdentifier = "Xcode.DebuggerFoundation.Launcher.LLDB"
      shouldUseLaunchSchemeArgsEnv = "YES"
      codeCoverageEnabled = "YES">
      <Testables>
         <TestableReference
            skipped = "YES"
            parallelizable = "YES">
            <BuildableReference
               BuildableIdentifier = "primary"
               BlueprintIdentifier = "C65A6098298408A60013CD5C"
               BuildableName = "PokemonAppTests.xctest"
               BlueprintName = "PokemonAppTests"
               ReferencedContainer = "container:PokemonApp.xcodeproj">
            </BuildableReference>
         </TestableReference>
         <TestableReference
            skipped = "NO"
            parallelizable = "YES">
            <BuildableReference
               BuildableIdentifier = "primary"
               BlueprintIdentifier = "C692DC62298D6EBF00C1D82F"
               BuildableName = "PokemonAppUITests.xctest"
               BlueprintName = "PokemonAppUITests"
               ReferencedContainer = "container:PokemonApp.xcodeproj">
            </BuildableReference>
         </TestableReference>
      </Testables>
   </TestAction>
   <LaunchAction
      buildConfiguration = "Debug"
      selectedDebuggerIdentifier = "Xcode.DebuggerFoundation.Debugger.LLDB"
      selectedLauncherIdentifier = "Xcode.DebuggerFoundation.Launcher.LLDB"
      launchStyle = "0"
      useCustomWorkingDirectory = "NO"
      ignoresPersistentStateOnLaunch = "NO"
      debugDocumentVersioning = "YES"
      debugServiceExtension = "internal"
      allowLocationSimulation = "YES">
      <BuildableProductRunnable
         runnableDebuggingMode = "0">
         <BuildableReference
            BuildableIdentifier = "primary"
            BlueprintIdentifier = "C65A6088298408A40013CD5C"
            BuildableName = "PokemonApp.app"
            BlueprintName = "PokemonApp"
            ReferencedContainer = "container:PokemonApp.xcodeproj">
         </BuildableReference>
      </BuildableProductRunnable>
      <EnvironmentVariables>
         <EnvironmentVariable
            key = "TERMS_AND_CONDITIONS"
            value = "https://toolboxcoworking.com/assets/Termini-e-Condizioni.pdf"
            isEnabled = "YES">
         </EnvironmentVariable>
         <EnvironmentVariable
            key = "HOST_IMG"
            value = "https://raw.githubusercontent.com/PokeAPI/sprites/master/sprites/pokemon/"
            isEnabled = "YES">
         </EnvironmentVariable>
         <EnvironmentVariable
            key = "MOCK"
            value = "false"
            isEnabled = "YES">
         </EnvironmentVariable>
         <EnvironmentVariable
            key = "HOST"
            value = "https://pokeapi.co/api/v2/"
            isEnabled = "YES">
         </EnvironmentVariable>
         <EnvironmentVariable
            key = "SERVICE"
            value = "SERVICE"
            isEnabled = "YES">
         </EnvironmentVariable>
         <EnvironmentVariable
            key = "ACCOUNT"
            value = "domain.com"
            isEnabled = "YES">
         </EnvironmentVariable>
      </EnvironmentVariables>
   </LaunchAction>
   <ProfileAction
      buildConfiguration = "Release"
      shouldUseLaunchSchemeArgsEnv = "YES"
      savedToolIdentifier = ""
      useCustomWorkingDirectory = "NO"
      debugDocumentVersioning = "YES">
      <BuildableProductRunnable
         runnableDebuggingMode = "0">
         <BuildableReference
            BuildableIdentifier = "primary"
            BlueprintIdentifier = "C65A6088298408A40013CD5C"
            BuildableName = "PokemonApp.app"
            BlueprintName = "PokemonApp"
            ReferencedContainer = "container:PokemonApp.xcodeproj">
         </BuildableReference>
      </BuildableProductRunnable>
   </ProfileAction>
   <AnalyzeAction
      buildConfiguration = "Debug">
   </AnalyzeAction>
   <ArchiveAction
      buildConfiguration = "Release"
      revealArchiveInOrganizer = "YES">
   </ArchiveAction>
</Scheme>
